// !$*UTF8*$!
{
	archiveVersion = 1;
	classes = {
	};
	objectVersion = 50;
	objects = {

/* Begin PBXBuildFile section */
		9B2C7E0222BFE258001E188E /* AppDelegate.m in Sources */ = {isa = PBXBuildFile; fileRef = 9B2C7E0122BFE258001E188E /* AppDelegate.m */; };
		9B2C7E0522BFE258001E188E /* ViewController.m in Sources */ = {isa = PBXBuildFile; fileRef = 9B2C7E0422BFE258001E188E /* ViewController.m */; };
		9B2C7E0822BFE258001E188E /* Main.storyboard in Resources */ = {isa = PBXBuildFile; fileRef = 9B2C7E0622BFE258001E188E /* Main.storyboard */; };
		9B2C7E0B22BFE258001E188E /* Marvel_Universe.xcdatamodeld in Sources */ = {isa = PBXBuildFile; fileRef = 9B2C7E0922BFE258001E188E /* Marvel_Universe.xcdatamodeld */; };
		9B2C7E0D22BFE25A001E188E /* Assets.xcassets in Resources */ = {isa = PBXBuildFile; fileRef = 9B2C7E0C22BFE25A001E188E /* Assets.xcassets */; };
		9B2C7E1022BFE25A001E188E /* LaunchScreen.storyboard in Resources */ = {isa = PBXBuildFile; fileRef = 9B2C7E0E22BFE25A001E188E /* LaunchScreen.storyboard */; };
		9B2C7E1322BFE25A001E188E /* main.m in Sources */ = {isa = PBXBuildFile; fileRef = 9B2C7E1222BFE25A001E188E /* main.m */; };
		9B2C7E1D22BFE25A001E188E /* Marvel_UniverseTests.m in Sources */ = {isa = PBXBuildFile; fileRef = 9B2C7E1C22BFE25A001E188E /* Marvel_UniverseTests.m */; };
		9B2C7E2822BFE25A001E188E /* Marvel_UniverseUITests.m in Sources */ = {isa = PBXBuildFile; fileRef = 9B2C7E2722BFE25A001E188E /* Marvel_UniverseUITests.m */; };
		9B2C7E3822BFE2B8001E188E /* Character.m in Sources */ = {isa = PBXBuildFile; fileRef = 9B2C7E3722BFE2B8001E188E /* Character.m */; };
		9B2C7E3C22C031A8001E188E /* MarvelAPIClient.m in Sources */ = {isa = PBXBuildFile; fileRef = 9B2C7E3B22C031A8001E188E /* MarvelAPIClient.m */; };
		9BCC9CF322C852D5007B0BB2 /* imageVarients.m in Sources */ = {isa = PBXBuildFile; fileRef = 9BCC9CF222C852D5007B0BB2 /* imageVarients.m */; };
		9BCC9CF622C93D06007B0BB2 /* JSONDownloader.m in Sources */ = {isa = PBXBuildFile; fileRef = 9BCC9CF522C93D06007B0BB2 /* JSONDownloader.m */; };
		9BCC9CF922C99DBC007B0BB2 /* MarvelAPIError.m in Sources */ = {isa = PBXBuildFile; fileRef = 9BCC9CF822C99DBC007B0BB2 /* MarvelAPIError.m */; };
		9BCC9CFD22D0E9CA007B0BB2 /* CharacterCollectionViewController.m in Sources */ = {isa = PBXBuildFile; fileRef = 9BCC9CFC22D0E9CA007B0BB2 /* CharacterCollectionViewController.m */; };
		9BCC9D0122D10EEA007B0BB2 /* CharacterCollectionViewCell.m in Sources */ = {isa = PBXBuildFile; fileRef = 9BCC9D0022D10EEA007B0BB2 /* CharacterCollectionViewCell.m */; };
		9BCC9D0722D2A458007B0BB2 /* DetailedViewController.m in Sources */ = {isa = PBXBuildFile; fileRef = 9BCC9D0622D2A458007B0BB2 /* DetailedViewController.m */; };
/* End PBXBuildFile section */

/* Begin PBXContainerItemProxy section */
		9B2C7E1922BFE25A001E188E /* PBXContainerItemProxy */ = {
			isa = PBXContainerItemProxy;
			containerPortal = 9B2C7DF522BFE258001E188E /* Project object */;
			proxyType = 1;
			remoteGlobalIDString = 9B2C7DFC22BFE258001E188E;
			remoteInfo = "Marvel Universe";
		};
		9B2C7E2422BFE25A001E188E /* PBXContainerItemProxy */ = {
			isa = PBXContainerItemProxy;
			containerPortal = 9B2C7DF522BFE258001E188E /* Project object */;
			proxyType = 1;
			remoteGlobalIDString = 9B2C7DFC22BFE258001E188E;
			remoteInfo = "Marvel Universe";
		};
/* End PBXContainerItemProxy section */

/* Begin PBXFileReference section */
		9B2C7DFD22BFE258001E188E /* Marvel Universe.app */ = {isa = PBXFileReference; explicitFileType = wrapper.application; includeInIndex = 0; path = "Marvel Universe.app"; sourceTree = BUILT_PRODUCTS_DIR; };
		9B2C7E0022BFE258001E188E /* AppDelegate.h */ = {isa = PBXFileReference; lastKnownFileType = sourcecode.c.h; path = AppDelegate.h; sourceTree = "<group>"; };
		9B2C7E0122BFE258001E188E /* AppDelegate.m */ = {isa = PBXFileReference; lastKnownFileType = sourcecode.c.objc; path = AppDelegate.m; sourceTree = "<group>"; };
		9B2C7E0322BFE258001E188E /* ViewController.h */ = {isa = PBXFileReference; lastKnownFileType = sourcecode.c.h; path = ViewController.h; sourceTree = "<group>"; };
		9B2C7E0422BFE258001E188E /* ViewController.m */ = {isa = PBXFileReference; lastKnownFileType = sourcecode.c.objc; path = ViewController.m; sourceTree = "<group>"; };
		9B2C7E0722BFE258001E188E /* Base */ = {isa = PBXFileReference; lastKnownFileType = file.storyboard; name = Base; path = Base.lproj/Main.storyboard; sourceTree = "<group>"; };
		9B2C7E0A22BFE258001E188E /* Marvel_Universe.xcdatamodel */ = {isa = PBXFileReference; lastKnownFileType = wrapper.xcdatamodel; path = Marvel_Universe.xcdatamodel; sourceTree = "<group>"; };
		9B2C7E0C22BFE25A001E188E /* Assets.xcassets */ = {isa = PBXFileReference; lastKnownFileType = folder.assetcatalog; path = Assets.xcassets; sourceTree = "<group>"; };
		9B2C7E0F22BFE25A001E188E /* Base */ = {isa = PBXFileReference; lastKnownFileType = file.storyboard; name = Base; path = Base.lproj/LaunchScreen.storyboard; sourceTree = "<group>"; };
		9B2C7E1122BFE25A001E188E /* Info.plist */ = {isa = PBXFileReference; lastKnownFileType = text.plist.xml; path = Info.plist; sourceTree = "<group>"; };
		9B2C7E1222BFE25A001E188E /* main.m */ = {isa = PBXFileReference; lastKnownFileType = sourcecode.c.objc; path = main.m; sourceTree = "<group>"; };
		9B2C7E1822BFE25A001E188E /* Marvel UniverseTests.xctest */ = {isa = PBXFileReference; explicitFileType = wrapper.cfbundle; includeInIndex = 0; path = "Marvel UniverseTests.xctest"; sourceTree = BUILT_PRODUCTS_DIR; };
		9B2C7E1C22BFE25A001E188E /* Marvel_UniverseTests.m */ = {isa = PBXFileReference; lastKnownFileType = sourcecode.c.objc; path = Marvel_UniverseTests.m; sourceTree = "<group>"; };
		9B2C7E1E22BFE25A001E188E /* Info.plist */ = {isa = PBXFileReference; lastKnownFileType = text.plist.xml; path = Info.plist; sourceTree = "<group>"; };
		9B2C7E2322BFE25A001E188E /* Marvel UniverseUITests.xctest */ = {isa = PBXFileReference; explicitFileType = wrapper.cfbundle; includeInIndex = 0; path = "Marvel UniverseUITests.xctest"; sourceTree = BUILT_PRODUCTS_DIR; };
		9B2C7E2722BFE25A001E188E /* Marvel_UniverseUITests.m */ = {isa = PBXFileReference; lastKnownFileType = sourcecode.c.objc; path = Marvel_UniverseUITests.m; sourceTree = "<group>"; };
		9B2C7E2922BFE25A001E188E /* Info.plist */ = {isa = PBXFileReference; lastKnownFileType = text.plist.xml; path = Info.plist; sourceTree = "<group>"; };
		9B2C7E3622BFE2B8001E188E /* Character.h */ = {isa = PBXFileReference; lastKnownFileType = sourcecode.c.h; path = Character.h; sourceTree = "<group>"; };
		9B2C7E3722BFE2B8001E188E /* Character.m */ = {isa = PBXFileReference; lastKnownFileType = sourcecode.c.objc; path = Character.m; sourceTree = "<group>"; };
		9B2C7E3A22C031A8001E188E /* MarvelAPIClient.h */ = {isa = PBXFileReference; lastKnownFileType = sourcecode.c.h; path = MarvelAPIClient.h; sourceTree = "<group>"; };
		9B2C7E3B22C031A8001E188E /* MarvelAPIClient.m */ = {isa = PBXFileReference; lastKnownFileType = sourcecode.c.objc; path = MarvelAPIClient.m; sourceTree = "<group>"; };
		9BCC9CF122C852D5007B0BB2 /* imageVarients.h */ = {isa = PBXFileReference; lastKnownFileType = sourcecode.c.h; path = imageVarients.h; sourceTree = "<group>"; };
		9BCC9CF222C852D5007B0BB2 /* imageVarients.m */ = {isa = PBXFileReference; lastKnownFileType = sourcecode.c.objc; path = imageVarients.m; sourceTree = "<group>"; };
		9BCC9CF422C93D06007B0BB2 /* JSONDownloader.h */ = {isa = PBXFileReference; lastKnownFileType = sourcecode.c.h; path = JSONDownloader.h; sourceTree = "<group>"; };
		9BCC9CF522C93D06007B0BB2 /* JSONDownloader.m */ = {isa = PBXFileReference; lastKnownFileType = sourcecode.c.objc; path = JSONDownloader.m; sourceTree = "<group>"; };
		9BCC9CF722C99DBC007B0BB2 /* MarvelAPIError.h */ = {isa = PBXFileReference; lastKnownFileType = sourcecode.c.h; path = MarvelAPIError.h; sourceTree = "<group>"; };
		9BCC9CF822C99DBC007B0BB2 /* MarvelAPIError.m */ = {isa = PBXFileReference; lastKnownFileType = sourcecode.c.objc; path = MarvelAPIError.m; sourceTree = "<group>"; };
		9BCC9CFB22D0E9CA007B0BB2 /* CharacterCollectionViewController.h */ = {isa = PBXFileReference; lastKnownFileType = sourcecode.c.h; path = CharacterCollectionViewController.h; sourceTree = "<group>"; };
		9BCC9CFC22D0E9CA007B0BB2 /* CharacterCollectionViewController.m */ = {isa = PBXFileReference; lastKnownFileType = sourcecode.c.objc; path = CharacterCollectionViewController.m; sourceTree = "<group>"; };
		9BCC9CFF22D10EEA007B0BB2 /* CharacterCollectionViewCell.h */ = {isa = PBXFileReference; lastKnownFileType = sourcecode.c.h; path = CharacterCollectionViewCell.h; sourceTree = "<group>"; };
		9BCC9D0022D10EEA007B0BB2 /* CharacterCollectionViewCell.m */ = {isa = PBXFileReference; lastKnownFileType = sourcecode.c.objc; path = CharacterCollectionViewCell.m; sourceTree = "<group>"; };
		9BCC9D0522D2A458007B0BB2 /* DetailedViewController.h */ = {isa = PBXFileReference; lastKnownFileType = sourcecode.c.h; path = DetailedViewController.h; sourceTree = "<group>"; };
		9BCC9D0622D2A458007B0BB2 /* DetailedViewController.m */ = {isa = PBXFileReference; lastKnownFileType = sourcecode.c.objc; path = DetailedViewController.m; sourceTree = "<group>"; };
/* End PBXFileReference section */

/* Begin PBXFrameworksBuildPhase section */
		9B2C7DFA22BFE258001E188E /* Frameworks */ = {
			isa = PBXFrameworksBuildPhase;
			buildActionMask = 2147483647;
			files = (
			);
			runOnlyForDeploymentPostprocessing = 0;
		};
		9B2C7E1522BFE25A001E188E /* Frameworks */ = {
			isa = PBXFrameworksBuildPhase;
			buildActionMask = 2147483647;
			files = (
			);
			runOnlyForDeploymentPostprocessing = 0;
		};
		9B2C7E2022BFE25A001E188E /* Frameworks */ = {
			isa = PBXFrameworksBuildPhase;
			buildActionMask = 2147483647;
			files = (
			);
			runOnlyForDeploymentPostprocessing = 0;
		};
/* End PBXFrameworksBuildPhase section */

/* Begin PBXGroup section */
		9B2C7DF422BFE258001E188E = {
			isa = PBXGroup;
			children = (
				9B2C7DFF22BFE258001E188E /* Marvel Universe */,
				9B2C7E1B22BFE25A001E188E /* Marvel UniverseTests */,
				9B2C7E2622BFE25A001E188E /* Marvel UniverseUITests */,
				9B2C7DFE22BFE258001E188E /* Products */,
			);
			sourceTree = "<group>";
		};
		9B2C7DFE22BFE258001E188E /* Products */ = {
			isa = PBXGroup;
			children = (
				9B2C7DFD22BFE258001E188E /* Marvel Universe.app */,
				9B2C7E1822BFE25A001E188E /* Marvel UniverseTests.xctest */,
				9B2C7E2322BFE25A001E188E /* Marvel UniverseUITests.xctest */,
			);
			name = Products;
			sourceTree = "<group>";
		};
		9B2C7DFF22BFE258001E188E /* Marvel Universe */ = {
			isa = PBXGroup;
			children = (
				9BCC9CFE22D10ECB007B0BB2 /* Views */,
				9BCC9CFA22D0E80E007B0BB2 /* ViewControllers */,
				9B2C7E3922C03037001E188E /* Network */,
				9B2C7E3522BFE281001E188E /* Data Models */,
				9B2C7E0022BFE258001E188E /* AppDelegate.h */,
				9B2C7E0122BFE258001E188E /* AppDelegate.m */,
				9B2C7E0622BFE258001E188E /* Main.storyboard */,
				9B2C7E0C22BFE25A001E188E /* Assets.xcassets */,
				9B2C7E0E22BFE25A001E188E /* LaunchScreen.storyboard */,
				9B2C7E1122BFE25A001E188E /* Info.plist */,
				9B2C7E1222BFE25A001E188E /* main.m */,
				9B2C7E0922BFE258001E188E /* Marvel_Universe.xcdatamodeld */,
			);
			path = "Marvel Universe";
			sourceTree = "<group>";
		};
		9B2C7E1B22BFE25A001E188E /* Marvel UniverseTests */ = {
			isa = PBXGroup;
			children = (
				9B2C7E1C22BFE25A001E188E /* Marvel_UniverseTests.m */,
				9B2C7E1E22BFE25A001E188E /* Info.plist */,
			);
			path = "Marvel UniverseTests";
			sourceTree = "<group>";
		};
		9B2C7E2622BFE25A001E188E /* Marvel UniverseUITests */ = {
			isa = PBXGroup;
			children = (
				9B2C7E2722BFE25A001E188E /* Marvel_UniverseUITests.m */,
				9B2C7E2922BFE25A001E188E /* Info.plist */,
			);
			path = "Marvel UniverseUITests";
			sourceTree = "<group>";
		};
		9B2C7E3522BFE281001E188E /* Data Models */ = {
			isa = PBXGroup;
			children = (
				9B2C7E3622BFE2B8001E188E /* Character.h */,
				9B2C7E3722BFE2B8001E188E /* Character.m */,
				9BCC9CF122C852D5007B0BB2 /* imageVarients.h */,
				9BCC9CF222C852D5007B0BB2 /* imageVarients.m */,
			);
			path = "Data Models";
			sourceTree = "<group>";
		};
		9B2C7E3922C03037001E188E /* Network */ = {
			isa = PBXGroup;
			children = (
				9B2C7E3A22C031A8001E188E /* MarvelAPIClient.h */,
				9B2C7E3B22C031A8001E188E /* MarvelAPIClient.m */,
				9BCC9CF422C93D06007B0BB2 /* JSONDownloader.h */,
				9BCC9CF522C93D06007B0BB2 /* JSONDownloader.m */,
				9BCC9CF722C99DBC007B0BB2 /* MarvelAPIError.h */,
				9BCC9CF822C99DBC007B0BB2 /* MarvelAPIError.m */,
			);
			path = Network;
			sourceTree = "<group>";
		};
		9BCC9CFA22D0E80E007B0BB2 /* ViewControllers */ = {
			isa = PBXGroup;
			children = (
				9B2C7E0322BFE258001E188E /* ViewController.h */,
				9B2C7E0422BFE258001E188E /* ViewController.m */,
				9BCC9CFB22D0E9CA007B0BB2 /* CharacterCollectionViewController.h */,
				9BCC9CFC22D0E9CA007B0BB2 /* CharacterCollectionViewController.m */,
				9BCC9D0522D2A458007B0BB2 /* DetailedViewController.h */,
				9BCC9D0622D2A458007B0BB2 /* DetailedViewController.m */,
			);
			path = ViewControllers;
			sourceTree = "<group>";
		};
		9BCC9CFE22D10ECB007B0BB2 /* Views */ = {
			isa = PBXGroup;
			children = (
				9BCC9CFF22D10EEA007B0BB2 /* CharacterCollectionViewCell.h */,
				9BCC9D0022D10EEA007B0BB2 /* CharacterCollectionViewCell.m */,
			);
			path = Views;
			sourceTree = "<group>";
		};
/* End PBXGroup section */

/* Begin PBXNativeTarget section */
		9B2C7DFC22BFE258001E188E /* Marvel Universe */ = {
			isa = PBXNativeTarget;
			buildConfigurationList = 9B2C7E2C22BFE25A001E188E /* Build configuration list for PBXNativeTarget "Marvel Universe" */;
			buildPhases = (
				9B2C7DF922BFE258001E188E /* Sources */,
				9B2C7DFA22BFE258001E188E /* Frameworks */,
				9B2C7DFB22BFE258001E188E /* Resources */,
			);
			buildRules = (
			);
			dependencies = (
			);
			name = "Marvel Universe";
			productName = "Marvel Universe";
			productReference = 9B2C7DFD22BFE258001E188E /* Marvel Universe.app */;
			productType = "com.apple.product-type.application";
		};
		9B2C7E1722BFE25A001E188E /* Marvel UniverseTests */ = {
			isa = PBXNativeTarget;
			buildConfigurationList = 9B2C7E2F22BFE25A001E188E /* Build configuration list for PBXNativeTarget "Marvel UniverseTests" */;
			buildPhases = (
				9B2C7E1422BFE25A001E188E /* Sources */,
				9B2C7E1522BFE25A001E188E /* Frameworks */,
				9B2C7E1622BFE25A001E188E /* Resources */,
			);
			buildRules = (
			);
			dependencies = (
				9B2C7E1A22BFE25A001E188E /* PBXTargetDependency */,
			);
			name = "Marvel UniverseTests";
			productName = "Marvel UniverseTests";
			productReference = 9B2C7E1822BFE25A001E188E /* Marvel UniverseTests.xctest */;
			productType = "com.apple.product-type.bundle.unit-test";
		};
		9B2C7E2222BFE25A001E188E /* Marvel UniverseUITests */ = {
			isa = PBXNativeTarget;
			buildConfigurationList = 9B2C7E3222BFE25A001E188E /* Build configuration list for PBXNativeTarget "Marvel UniverseUITests" */;
			buildPhases = (
				9B2C7E1F22BFE25A001E188E /* Sources */,
				9B2C7E2022BFE25A001E188E /* Frameworks */,
				9B2C7E2122BFE25A001E188E /* Resources */,
			);
			buildRules = (
			);
			dependencies = (
				9B2C7E2522BFE25A001E188E /* PBXTargetDependency */,
			);
			name = "Marvel UniverseUITests";
			productName = "Marvel UniverseUITests";
			productReference = 9B2C7E2322BFE25A001E188E /* Marvel UniverseUITests.xctest */;
			productType = "com.apple.product-type.bundle.ui-testing";
		};
/* End PBXNativeTarget section */

/* Begin PBXProject section */
		9B2C7DF522BFE258001E188E /* Project object */ = {
			isa = PBXProject;
			attributes = {
				LastUpgradeCheck = 1020;
				ORGANIZATIONNAME = "Alan Longcoy";
				TargetAttributes = {
					9B2C7DFC22BFE258001E188E = {
						CreatedOnToolsVersion = 10.2.1;
					};
					9B2C7E1722BFE25A001E188E = {
						CreatedOnToolsVersion = 10.2.1;
						TestTargetID = 9B2C7DFC22BFE258001E188E;
					};
					9B2C7E2222BFE25A001E188E = {
						CreatedOnToolsVersion = 10.2.1;
						TestTargetID = 9B2C7DFC22BFE258001E188E;
					};
				};
			};
			buildConfigurationList = 9B2C7DF822BFE258001E188E /* Build configuration list for PBXProject "Marvel Universe" */;
			compatibilityVersion = "Xcode 9.3";
			developmentRegion = en;
			hasScannedForEncodings = 0;
			knownRegions = (
				en,
				Base,
			);
			mainGroup = 9B2C7DF422BFE258001E188E;
			productRefGroup = 9B2C7DFE22BFE258001E188E /* Products */;
			projectDirPath = "";
			projectRoot = "";
			targets = (
				9B2C7DFC22BFE258001E188E /* Marvel Universe */,
				9B2C7E1722BFE25A001E188E /* Marvel UniverseTests */,
				9B2C7E2222BFE25A001E188E /* Marvel UniverseUITests */,
			);
		};
/* End PBXProject section */

/* Begin PBXResourcesBuildPhase section */
		9B2C7DFB22BFE258001E188E /* Resources */ = {
			isa = PBXResourcesBuildPhase;
			buildActionMask = 2147483647;
			files = (
				9B2C7E1022BFE25A001E188E /* LaunchScreen.storyboard in Resources */,
				9B2C7E0D22BFE25A001E188E /* Assets.xcassets in Resources */,
				9B2C7E0822BFE258001E188E /* Main.storyboard in Resources */,
			);
			runOnlyForDeploymentPostprocessing = 0;
		};
		9B2C7E1622BFE25A001E188E /* Resources */ = {
			isa = PBXResourcesBuildPhase;
			buildActionMask = 2147483647;
			files = (
			);
			runOnlyForDeploymentPostprocessing = 0;
		};
		9B2C7E2122BFE25A001E188E /* Resources */ = {
			isa = PBXResourcesBuildPhase;
			buildActionMask = 2147483647;
			files = (
			);
			runOnlyForDeploymentPostprocessing = 0;
		};
/* End PBXResourcesBuildPhase section */

/* Begin PBXSourcesBuildPhase section */
		9B2C7DF922BFE258001E188E /* Sources */ = {
			isa = PBXSourcesBuildPhase;
			buildActionMask = 2147483647;
			files = (
				9BCC9CF322C852D5007B0BB2 /* imageVarients.m in Sources */,
				9B2C7E0B22BFE258001E188E /* Marvel_Universe.xcdatamodeld in Sources */,
				9B2C7E3822BFE2B8001E188E /* Character.m in Sources */,
				9B2C7E0522BFE258001E188E /* ViewController.m in Sources */,
				9BCC9D0122D10EEA007B0BB2 /* CharacterCollectionViewCell.m in Sources */,
				9BCC9CF922C99DBC007B0BB2 /* MarvelAPIError.m in Sources */,
				9BCC9CF622C93D06007B0BB2 /* JSONDownloader.m in Sources */,
				9BCC9CFD22D0E9CA007B0BB2 /* CharacterCollectionViewController.m in Sources */,
				9B2C7E1322BFE25A001E188E /* main.m in Sources */,
				9B2C7E3C22C031A8001E188E /* MarvelAPIClient.m in Sources */,
				9BCC9D0722D2A458007B0BB2 /* DetailedViewController.m in Sources */,
				9B2C7E0222BFE258001E188E /* AppDelegate.m in Sources */,
			);
			runOnlyForDeploymentPostprocessing = 0;
		};
		9B2C7E1422BFE25A001E188E /* Sources */ = {
			isa = PBXSourcesBuildPhase;
			buildActionMask = 2147483647;
			files = (
				9B2C7E1D22BFE25A001E188E /* Marvel_UniverseTests.m in Sources */,
			);
			runOnlyForDeploymentPostprocessing = 0;
		};
		9B2C7E1F22BFE25A001E188E /* Sources */ = {
			isa = PBXSourcesBuildPhase;
			buildActionMask = 2147483647;
			files = (
				9B2C7E2822BFE25A001E188E /* Marvel_UniverseUITests.m in Sources */,
			);
			runOnlyForDeploymentPostprocessing = 0;
		};
/* End PBXSourcesBuildPhase section */

/* Begin PBXTargetDependency section */
		9B2C7E1A22BFE25A001E188E /* PBXTargetDependency */ = {
			isa = PBXTargetDependency;
			target = 9B2C7DFC22BFE258001E188E /* Marvel Universe */;
			targetProxy = 9B2C7E1922BFE25A001E188E /* PBXContainerItemProxy */;
		};
		9B2C7E2522BFE25A001E188E /* PBXTargetDependency */ = {
			isa = PBXTargetDependency;
			target = 9B2C7DFC22BFE258001E188E /* Marvel Universe */;
			targetProxy = 9B2C7E2422BFE25A001E188E /* PBXContainerItemProxy */;
		};
/* End PBXTargetDependency section */

/* Begin PBXVariantGroup section */
		9B2C7E0622BFE258001E188E /* Main.storyboard */ = {
			isa = PBXVariantGroup;
			children = (
				9B2C7E0722BFE258001E188E /* Base */,
			);
			name = Main.storyboard;
			sourceTree = "<group>";
		};
		9B2C7E0E22BFE25A001E188E /* LaunchScreen.storyboard */ = {
			isa = PBXVariantGroup;
			children = (
				9B2C7E0F22BFE25A001E188E /* Base */,
			);
			name = LaunchScreen.storyboard;
			sourceTree = "<group>";
		};
/* End PBXVariantGroup section */

/* Begin XCBuildConfiguration section */
		9B2C7E2A22BFE25A001E188E /* Debug */ = {
			isa = XCBuildConfiguration;
			buildSettings = {
				ALWAYS_SEARCH_USER_PATHS = NO;
				CLANG_ANALYZER_NONNULL = YES;
				CLANG_ANALYZER_NUMBER_OBJECT_CONVERSION = YES_AGGRESSIVE;
				CLANG_CXX_LANGUAGE_STANDARD = "gnu++14";
				CLANG_CXX_LIBRARY = "libc++";
				CLANG_ENABLE_MODULES = YES;
				CLANG_ENABLE_OBJC_ARC = YES;
				CLANG_ENABLE_OBJC_WEAK = YES;
				CLANG_WARN_BLOCK_CAPTURE_AUTORELEASING = YES;
				CLANG_WARN_BOOL_CONVERSION = YES;
				CLANG_WARN_COMMA = YES;
				CLANG_WARN_CONSTANT_CONVERSION = YES;
				CLANG_WARN_DEPRECATED_OBJC_IMPLEMENTATIONS = YES;
				CLANG_WARN_DIRECT_OBJC_ISA_USAGE = YES_ERROR;
				CLANG_WARN_DOCUMENTATION_COMMENTS = YES;
				CLANG_WARN_EMPTY_BODY = YES;
				CLANG_WARN_ENUM_CONVERSION = YES;
				CLANG_WARN_INFINITE_RECURSION = YES;
				CLANG_WARN_INT_CONVERSION = YES;
				CLANG_WARN_NON_LITERAL_NULL_CONVERSION = YES;
				CLANG_WARN_OBJC_IMPLICIT_RETAIN_SELF = YES;
				CLANG_WARN_OBJC_LITERAL_CONVERSION = YES;
				CLANG_WARN_OBJC_ROOT_CLASS = YES_ERROR;
				CLANG_WARN_RANGE_LOOP_ANALYSIS = YES;
				CLANG_WARN_STRICT_PROTOTYPES = YES;
				CLANG_WARN_SUSPICIOUS_MOVE = YES;
				CLANG_WARN_UNGUARDED_AVAILABILITY = YES_AGGRESSIVE;
				CLANG_WARN_UNREACHABLE_CODE = YES;
				CLANG_WARN__DUPLICATE_METHOD_MATCH = YES;
				CODE_SIGN_IDENTITY = "iPhone Developer";
				COPY_PHASE_STRIP = NO;
				DEBUG_INFORMATION_FORMAT = dwarf;
				ENABLE_STRICT_OBJC_MSGSEND = YES;
				ENABLE_TESTABILITY = YES;
				GCC_C_LANGUAGE_STANDARD = gnu11;
				GCC_DYNAMIC_NO_PIC = NO;
				GCC_NO_COMMON_BLOCKS = YES;
				GCC_OPTIMIZATION_LEVEL = 0;
				GCC_PREPROCESSOR_DEFINITIONS = (
					"DEBUG=1",
					"$(inherited)",
				);
				GCC_WARN_64_TO_32_BIT_CONVERSION = YES;
				GCC_WARN_ABOUT_RETURN_TYPE = YES_ERROR;
				GCC_WARN_UNDECLARED_SELECTOR = YES;
				GCC_WARN_UNINITIALIZED_AUTOS = YES_AGGRESSIVE;
				GCC_WARN_UNUSED_FUNCTION = YES;
				GCC_WARN_UNUSED_VARIABLE = YES;
				IPHONEOS_DEPLOYMENT_TARGET = 12.2;
				MTL_ENABLE_DEBUG_INFO = INCLUDE_SOURCE;
				MTL_FAST_MATH = YES;
				ONLY_ACTIVE_ARCH = YES;
				SDKROOT = iphoneos;
			};
			name = Debug;
		};
		9B2C7E2B22BFE25A001E188E /* Release */ = {
			isa = XCBuildConfiguration;
			buildSettings = {
				ALWAYS_SEARCH_USER_PATHS = NO;
				CLANG_ANALYZER_NONNULL = YES;
				CLANG_ANALYZER_NUMBER_OBJECT_CONVERSION = YES_AGGRESSIVE;
				CLANG_CXX_LANGUAGE_STANDARD = "gnu++14";
				CLANG_CXX_LIBRARY = "libc++";
				CLANG_ENABLE_MODULES = YES;
				CLANG_ENABLE_OBJC_ARC = YES;
				CLANG_ENABLE_OBJC_WEAK = YES;
				CLANG_WARN_BLOCK_CAPTURE_AUTORELEASING = YES;
				CLANG_WARN_BOOL_CONVERSION = YES;
				CLANG_WARN_COMMA = YES;
				CLANG_WARN_CONSTANT_CONVERSION = YES;
				CLANG_WARN_DEPRECATED_OBJC_IMPLEMENTATIONS = YES;
				CLANG_WARN_DIRECT_OBJC_ISA_USAGE = YES_ERROR;
				CLANG_WARN_DOCUMENTATION_COMMENTS = YES;
				CLANG_WARN_EMPTY_BODY = YES;
				CLANG_WARN_ENUM_CONVERSION = YES;
				CLANG_WARN_INFINITE_RECURSION = YES;
				CLANG_WARN_INT_CONVERSION = YES;
				CLANG_WARN_NON_LITERAL_NULL_CONVERSION = YES;
				CLANG_WARN_OBJC_IMPLICIT_RETAIN_SELF = YES;
				CLANG_WARN_OBJC_LITERAL_CONVERSION = YES;
				CLANG_WARN_OBJC_ROOT_CLASS = YES_ERROR;
				CLANG_WARN_RANGE_LOOP_ANALYSIS = YES;
				CLANG_WARN_STRICT_PROTOTYPES = YES;
				CLANG_WARN_SUSPICIOUS_MOVE = YES;
				CLANG_WARN_UNGUARDED_AVAILABILITY = YES_AGGRESSIVE;
				CLANG_WARN_UNREACHABLE_CODE = YES;
				CLANG_WARN__DUPLICATE_METHOD_MATCH = YES;
				CODE_SIGN_IDENTITY = "iPhone Developer";
				COPY_PHASE_STRIP = NO;
				DEBUG_INFORMATION_FORMAT = "dwarf-with-dsym";
				ENABLE_NS_ASSERTIONS = NO;
				ENABLE_STRICT_OBJC_MSGSEND = YES;
				GCC_C_LANGUAGE_STANDARD = gnu11;
				GCC_NO_COMMON_BLOCKS = YES;
				GCC_WARN_64_TO_32_BIT_CONVERSION = YES;
				GCC_WARN_ABOUT_RETURN_TYPE = YES_ERROR;
				GCC_WARN_UNDECLARED_SELECTOR = YES;
				GCC_WARN_UNINITIALIZED_AUTOS = YES_AGGRESSIVE;
				GCC_WARN_UNUSED_FUNCTION = YES;
				GCC_WARN_UNUSED_VARIABLE = YES;
				IPHONEOS_DEPLOYMENT_TARGET = 12.2;
				MTL_ENABLE_DEBUG_INFO = NO;
				MTL_FAST_MATH = YES;
				SDKROOT = iphoneos;
				VALIDATE_PRODUCT = YES;
			};
			name = Release;
		};
		9B2C7E2D22BFE25A001E188E /* Debug */ = {
			isa = XCBuildConfiguration;
			buildSettings = {
				ASSETCATALOG_COMPILER_APPICON_NAME = AppIcon;
				CODE_SIGN_STYLE = Automatic;
				DEVELOPMENT_TEAM = 8BN36V7JV6;
				INFOPLIST_FILE = "Marvel Universe/Info.plist";
				LD_RUNPATH_SEARCH_PATHS = (
					"$(inherited)",
					"@executable_path/Frameworks",
				);
				PRODUCT_BUNDLE_IDENTIFIER = "com.Marvel-Universe";
				PRODUCT_NAME = "$(TARGET_NAME)";
				TARGETED_DEVICE_FAMILY = "1,2";
			};
			name = Debug;
		};
		9B2C7E2E22BFE25A001E188E /* Release */ = {
			isa = XCBuildConfiguration;
			buildSettings = {
				ASSETCATALOG_COMPILER_APPICON_NAME = AppIcon;
				CODE_SIGN_STYLE = Automatic;
				DEVELOPMENT_TEAM = 8BN36V7JV6;
				INFOPLIST_FILE = "Marvel Universe/Info.plist";
				LD_RUNPATH_SEARCH_PATHS = (
					"$(inherited)",
					"@executable_path/Frameworks",
				);
				PRODUCT_BUNDLE_IDENTIFIER = "com.Marvel-Universe";
				PRODUCT_NAME = "$(TARGET_NAME)";
				TARGETED_DEVICE_FAMILY = "1,2";
			};
			name = Release;
		};
		9B2C7E3022BFE25A001E188E /* Debug */ = {
			isa = XCBuildConfiguration;
			buildSettings = {
				BUNDLE_LOADER = "$(TEST_HOST)";
				CODE_SIGN_STYLE = Automatic;
				DEVELOPMENT_TEAM = 8BN36V7JV6;
				INFOPLIST_FILE = "Marvel UniverseTests/Info.plist";
				LD_RUNPATH_SEARCH_PATHS = (
					"$(inherited)",
					"@executable_path/Frameworks",
					"@loader_path/Frameworks",
				);
				PRODUCT_BUNDLE_IDENTIFIER = "com.Marvel-UniverseTests";
				PRODUCT_NAME = "$(TARGET_NAME)";
				TARGETED_DEVICE_FAMILY = "1,2";
				TEST_HOST = "$(BUILT_PRODUCTS_DIR)/Marvel Universe.app/Marvel Universe";
			};
			name = Debug;
		};
		9B2C7E3122BFE25A001E188E /* Release */ = {
			isa = XCBuildConfiguration;
			buildSettings = {
				BUNDLE_LOADER = "$(TEST_HOST)";
				CODE_SIGN_STYLE = Automatic;
				DEVELOPMENT_TEAM = 8BN36V7JV6;
				INFOPLIST_FILE = "Marvel UniverseTests/Info.plist";
				LD_RUNPATH_SEARCH_PATHS = (
					"$(inherited)",
					"@executable_path/Frameworks",
					"@loader_path/Frameworks",
				);
				PRODUCT_BUNDLE_IDENTIFIER = "com.Marvel-UniverseTests";
				PRODUCT_NAME = "$(TARGET_NAME)";
				TARGETED_DEVICE_FAMILY = "1,2";
				TEST_HOST = "$(BUILT_PRODUCTS_DIR)/Marvel Universe.app/Marvel Universe";
			};
			name = Release;
		};
		9B2C7E3322BFE25A001E188E /* Debug */ = {
			isa = XCBuildConfiguration;
			buildSettings = {
				CODE_SIGN_STYLE = Automatic;
				DEVELOPMENT_TEAM = 8BN36V7JV6;
				INFOPLIST_FILE = "Marvel UniverseUITests/Info.plist";
				LD_RUNPATH_SEARCH_PATHS = (
					"$(inherited)",
					"@executable_path/Frameworks",
					"@loader_path/Frameworks",
				);
				PRODUCT_BUNDLE_IDENTIFIER = "com.Marvel-UniverseUITests";
				PRODUCT_NAME = "$(TARGET_NAME)";
				TARGETED_DEVICE_FAMILY = "1,2";
				TEST_TARGET_NAME = "Marvel Universe";
			};
			name = Debug;
		};
		9B2C7E3422BFE25A001E188E /* Release */ = {
			isa = XCBuildConfiguration;
			buildSettings = {
				CODE_SIGN_STYLE = Automatic;
				DEVELOPMENT_TEAM = 8BN36V7JV6;
				INFOPLIST_FILE = "Marvel UniverseUITests/Info.plist";
				LD_RUNPATH_SEARCH_PATHS = (
					"$(inherited)",
					"@executable_path/Frameworks",
					"@loader_path/Frameworks",
				);
				PRODUCT_BUNDLE_IDENTIFIER = "com.Marvel-UniverseUITests";
				PRODUCT_NAME = "$(TARGET_NAME)";
				TARGETED_DEVICE_FAMILY = "1,2";
				TEST_TARGET_NAME = "Marvel Universe";
			};
			name = Release;
		};
/* End XCBuildConfiguration section */

/* Begin XCConfigurationList section */
		9B2C7DF822BFE258001E188E /* Build configuration list for PBXProject "Marvel Universe" */ = {
			isa = XCConfigurationList;
			buildConfigurations = (
				9B2C7E2A22BFE25A001E188E /* Debug */,
				9B2C7E2B22BFE25A001E188E /* Release */,
			);
			defaultConfigurationIsVisible = 0;
			defaultConfigurationName = Release;
		};
		9B2C7E2C22BFE25A001E188E /* Build configuration list for PBXNativeTarget "Marvel Universe" */ = {
			isa = XCConfigurationList;
			buildConfigurations = (
				9B2C7E2D22BFE25A001E188E /* Debug */,
				9B2C7E2E22BFE25A001E188E /* Release */,
			);
			defaultConfigurationIsVisible = 0;
			defaultConfigurationName = Release;
		};
		9B2C7E2F22BFE25A001E188E /* Build configuration list for PBXNativeTarget "Marvel UniverseTests" */ = {
			isa = XCConfigurationList;
			buildConfigurations = (
				9B2C7E3022BFE25A001E188E /* Debug */,
				9B2C7E3122BFE25A001E188E /* Release */,
			);
			defaultConfigurationIsVisible = 0;
			defaultConfigurationName = Release;
		};
		9B2C7E3222BFE25A001E188E /* Build configuration list for PBXNativeTarget "Marvel UniverseUITests" */ = {
			isa = XCConfigurationList;
			buildConfigurations = (
				9B2C7E3322BFE25A001E188E /* Debug */,
				9B2C7E3422BFE25A001E188E /* Release */,
			);
			defaultConfigurationIsVisible = 0;
			defaultConfigurationName = Release;
		};
/* End XCConfigurationList section */

/* Begin XCVersionGroup section */
		9B2C7E0922BFE258001E188E /* Marvel_Universe.xcdatamodeld */ = {
			isa = XCVersionGroup;
			children = (
				9B2C7E0A22BFE258001E188E /* Marvel_Universe.xcdatamodel */,
			);
			currentVersion = 9B2C7E0A22BFE258001E188E /* Marvel_Universe.xcdatamodel */;
			path = Marvel_Universe.xcdatamodeld;
			sourceTree = "<group>";
			versionGroupType = wrapper.xcdatamodel;
		};
/* End XCVersionGroup section */
	};
	rootObject = 9B2C7DF522BFE258001E188E /* Project object */;
}
